{
    "_meta": {
        "hash": {
            "sha256": "a85a3d98ab3ecaff377411e992e7a9d738f38e9b8e9e2502792924cffd5c994e"
        },
        "pipfile-spec": 6,
        "requires": {
            "python_version": "3.9"
        },
        "sources": [
            {
                "name": "pypi",
                "url": "https://pypi.org/simple",
                "verify_ssl": true
            }
        ]
    },
    "default": {
        "certifi": {
            "hashes": [
                "sha256:84c85a9078b11105f04f3036a9482ae10e4621616db313fe045dd24743a0820d",
                "sha256:fe86415d55e84719d75f8b69414f6438ac3547d2078ab91b67e779ef69378412"
            ],
            "markers": "python_version >= '3.6'",
            "version": "==2022.6.15"
        },
        "charset-normalizer": {
            "hashes": [
                "sha256:5189b6f22b01957427f35b6a08d9a0bc45b46d3788ef5a92e978433c7a35f8a5",
                "sha256:575e708016ff3a5e3681541cb9d79312c416835686d054a23accb873b254f413"
            ],
            "markers": "python_version >= '3.6'",
            "version": "==2.1.0"
        },
        "idna": {
            "hashes": [
                "sha256:84d9dd047ffa80596e0f246e2eab0b391788b0503584e8945f2368256d2735ff",
                "sha256:9d643ff0a55b762d5cdb124b8eaa99c66322e2157b69160bc32796e824360e6d"
            ],
            "markers": "python_version >= '3.5'",
            "version": "==3.3"
        },
        "numpy": {
            "hashes": [
                "sha256:17e5226674f6ea79e14e3b91bfbc153fdf3ac13f5cc54ee7bc8fdbe820a32da0",
                "sha256:2bd879d3ca4b6f39b7770829f73278b7c5e248c91d538aab1e506c628353e47f",
                "sha256:4f41f5bf20d9a521f8cab3a34557cd77b6f205ab2116651f12959714494268b0",
                "sha256:5593f67e66dea4e237f5af998d31a43e447786b2154ba1ad833676c788f37cde",
                "sha256:5e28cd64624dc2354a349152599e55308eb6ca95a13ce6a7d5679ebff2962913",
                "sha256:633679a472934b1c20a12ed0c9a6c9eb167fbb4cb89031939bfd03dd9dbc62b8",
                "sha256:806970e69106556d1dd200e26647e9bee5e2b3f1814f9da104a943e8d548ca38",
                "sha256:806cc25d5c43e240db709875e947076b2826f47c2c340a5a2f36da5bb10c58d6",
                "sha256:8247f01c4721479e482cc2f9f7d973f3f47810cbc8c65e38fd1bbd3141cc9842",
                "sha256:8ebf7e194b89bc66b78475bd3624d92980fca4e5bb86dda08d677d786fefc414",
                "sha256:8ecb818231afe5f0f568c81f12ce50f2b828ff2b27487520d85eb44c71313b9e",
                "sha256:8f9d84a24889ebb4c641a9b99e54adb8cab50972f0166a3abc14c3b93163f074",
                "sha256:909c56c4d4341ec8315291a105169d8aae732cfb4c250fbc375a1efb7a844f8f",
                "sha256:9b83d48e464f393d46e8dd8171687394d39bc5abfe2978896b77dc2604e8635d",
                "sha256:ac987b35df8c2a2eab495ee206658117e9ce867acf3ccb376a19e83070e69418",
                "sha256:b78d00e48261fbbd04aa0d7427cf78d18401ee0abd89c7559bbf422e5b1c7d01",
                "sha256:b8b97a8a87cadcd3f94659b4ef6ec056261fa1e1c3317f4193ac231d4df70215",
                "sha256:bd5b7ccae24e3d8501ee5563e82febc1771e73bd268eef82a1e8d2b4d556ae66",
                "sha256:bdc02c0235b261925102b1bd586579b7158e9d0d07ecb61148a1799214a4afd5",
                "sha256:be6b350dfbc7f708d9d853663772a9310783ea58f6035eec649fb9c4371b5389",
                "sha256:c403c81bb8ffb1c993d0165a11493fd4bf1353d258f6997b3ee288b0a48fce77",
                "sha256:cf8c6aed12a935abf2e290860af8e77b26a042eb7f2582ff83dc7ed5f963340c",
                "sha256:d98addfd3c8728ee8b2c49126f3c44c703e2b005d4a95998e2167af176a9e722",
                "sha256:dc76bca1ca98f4b122114435f83f1fcf3c0fe48e4e6f660e07996abf2f53903c",
                "sha256:dec198619b7dbd6db58603cd256e092bcadef22a796f778bf87f8592b468441d",
                "sha256:df28dda02c9328e122661f399f7655cdcbcf22ea42daa3650a26bce08a187450",
                "sha256:e603ca1fb47b913942f3e660a15e55a9ebca906857edfea476ae5f0fe9b457d5",
                "sha256:ecfdd68d334a6b97472ed032b5b37a30d8217c097acfff15e8452c710e775524"
            ],
            "markers": "python_version >= '3.8'",
            "version": "==1.23.2"
        },
        "pyarrow": {
            "hashes": [
                "sha256:0238998dc692efcb4e41ae74738d7c1234723271ccf520bd8312dca07d49ef8d",
                "sha256:02b820ecd1da02012092c180447de449fc688d0c3f9ff8526ca301cdd60dacd0",
                "sha256:1c5a073a930c632058461547e0bc572da1e724b17b6b9eb31a97da13f50cb6e0",
                "sha256:29eb3e086e2b26202f3a4678316b93cfb15d0e2ba20f3ec12db8fd9cc07cde63",
                "sha256:2c715eca2092273dcccf6f08437371e04d112f9354245ba2fbe6c801879450b7",
                "sha256:2e753f8fcf07d8e3a0efa0c8bd51fef5c90281ffd4c5637c08ce42cd0ac297de",
                "sha256:3eef8a981f45d89de403e81fb83b8119c20824caddf1404274e41a5d66c73806",
                "sha256:4eebdab05afa23d5d5274b24c1cbeb1ba017d67c280f7d39fd8a8f18cbad2ec9",
                "sha256:5526a3bfb404ff6d31d62ea582cf2466c7378a474a99ee04d1a9b05de5264541",
                "sha256:55328348b9139c2b47450d512d716c2248fd58e2f04e2fc23a65e18726666d42",
                "sha256:767cafb14278165ad539a2918c14c1b73cf20689747c21375c38e3fe62884902",
                "sha256:7fa56cbd415cef912677270b8e41baad70cde04c6d8a8336eeb2aba85aa93706",
                "sha256:7fb02bebc13ab55573d1ae9bb5002a6d20ba767bf8569b52fce5301d42495ab7",
                "sha256:81a60bb291a964f63b2717fb1b28f6615ffab7e8585322bfb8a6738e6b321282",
                "sha256:8ad430cee28ebc4d6661fc7315747c7a18ae2a74e67498dcb039e1c762a2fb67",
                "sha256:92f3977e901db1ef5cba30d6cc1d7942b8d94b910c60f89013e8f7bb86a86eef",
                "sha256:9cef618159567d5f62040f2b79b1c7b38e3885f4ffad0ec97cd2d86f88b67cef",
                "sha256:a5b390bdcfb8c5b900ef543f911cdfec63e88524fafbcc15f83767202a4a2491",
                "sha256:d9eb04db626fa24fdfb83c00f76679ca0d98728cdbaa0481b6402bf793a290c0",
                "sha256:da3e0f319509a5881867effd7024099fb06950a0768dad0d6873668bb88cfaba",
                "sha256:f11a645a41ee531c3a5edda45dea07c42267f52571f818d388971d33fc7e2d4a",
                "sha256:f241bd488c2705df930eedfe304ada71191dcf67d6b98ceda0cc934fd2a8388e",
                "sha256:f59bcd5217a3ae1e17870792f82b2ff92df9f3862996e2c78e156c13e56ff62e",
                "sha256:f8c46bde1030d704e2796182286d1c56846552c50a39ad5bf5a20c0d8159fc35",
                "sha256:fc856628acd8d281652c15b6268ec7f27ebcb015abbe99d9baad17f02adc51f1",
                "sha256:fe2ce795fa1d95e4e940fe5661c3c58aee7181c730f65ac5dd8794a77228de59"
            ],
            "index": "pypi",
            "version": "==9.0.0"
        },
        "requests": {
            "hashes": [
                "sha256:7c5599b102feddaa661c826c56ab4fee28bfd17f5abca1ebbe3e7f19d7c97983",
                "sha256:8fefa2a1a1365bf5520aac41836fbee479da67864514bdb821f31ce07ce65349"
            ],
            "index": "pypi",
            "version": "==2.28.1"
        },
        "urllib3": {
            "hashes": [
                "sha256:c33ccba33c819596124764c23a97d25f32b28433ba0dedeb77d873a38722c9bc",
                "sha256:ea6e8fb210b19d950fab93b60c9009226c63a28808bc8386e05301e25883ac0a"
            ],
            "markers": "python_version >= '2.7' and python_version not in '3.0, 3.1, 3.2, 3.3, 3.4, 3.5' and python_version < '4'",
            "version": "==1.26.11"
        }
    },
    "develop": {}
}
